<?xml version="1.0" encoding="utf-8"?>
<Project ToolsVersion="4.0" xmlns="http://schemas.microsoft.com/developer/msbuild/2003">
  <ItemGroup>
    <Filter Include="Source Files">
      <UniqueIdentifier>{4FC737F1-C7A5-4376-A066-2A32D752A2FF}</UniqueIdentifier>
      <Extensions>cpp;c;cc;cxx;c++;cppm;ixx;def;odl;idl;hpj;bat;asm;asmx</Extensions>
    </Filter>
    <Filter Include="Header Files">
      <UniqueIdentifier>{93995380-89BD-4b04-88EB-625FBE52EBFB}</UniqueIdentifier>
      <Extensions>h;hh;hpp;hxx;h++;hm;inl;inc;ipp;xsd</Extensions>
    </Filter>
    <Filter Include="Resource Files">
      <UniqueIdentifier>{67DA6AB6-F800-4c08-8B7A-83BB121AAD01}</UniqueIdentifier>
      <Extensions>rc;ico;cur;bmp;dlg;rc2;rct;bin;rgs;gif;jpg;jpeg;jpe;resx;tiff;tif;png;wav;mfcribbon-ms</Extensions>
    </Filter>
    <Filter Include="Header Files\Global">
      <UniqueIdentifier>{746347e2-7fa0-4c4c-89c7-fad9bdfeed98}</UniqueIdentifier>
    </Filter>
    <Filter Include="Header Files\Encoding">
      <UniqueIdentifier>{d9ab0128-076b-4f5e-8330-675fc87f47c9}</UniqueIdentifier>
    </Filter>
    <Filter Include="Header Files\Network">
      <UniqueIdentifier>{45213c9a-8641-4c19-9d98-d1947394e217}</UniqueIdentifier>
    </Filter>
    <Filter Include="Header Files\Network\Packet">
      <UniqueIdentifier>{a4969755-006d-47aa-8f05-e9158d4311b3}</UniqueIdentifier>
    </Filter>
    <Filter Include="Header Files\Network\Socket">
      <UniqueIdentifier>{c5754fc6-33a5-4b37-8708-a602ff18a565}</UniqueIdentifier>
    </Filter>
  </ItemGroup>
  <ItemGroup>
    <ClInclude Include="main.h">
      <Filter>Header Files</Filter>
    </ClInclude>
    <ClInclude Include="Event.h">
      <Filter>Header Files</Filter>
    </ClInclude>
    <ClInclude Include="_PS4.h">
      <Filter>Header Files\Global</Filter>
    </ClInclude>
    <ClInclude Include="_Network.h">
      <Filter>Header Files\Global</Filter>
    </ClInclude>
    <ClInclude Include="_Debugging.h">
      <Filter>Header Files\Global</Filter>
    </ClInclude>
    <ClInclude Include="base64.h">
      <Filter>Header Files\Encoding</Filter>
    </ClInclude>
    <ClInclude Include="guid.hpp">
      <Filter>Header Files\Encoding</Filter>
    </ClInclude>
    <ClInclude Include="json.hpp">
      <Filter>Header Files\Encoding</Filter>
    </ClInclude>
    <ClInclude Include="UTF8Helper.h">
      <Filter>Header Files\Encoding</Filter>
    </ClInclude>
    <ClInclude Include="JsonHelper.h">
      <Filter>Header Files\Encoding</Filter>
    </ClInclude>
    <ClInclude Include="NetUtil.h">
      <Filter>Header Files\Network</Filter>
    </ClInclude>
    <ClInclude Include="MulticastPacket.h">
      <Filter>Header Files\Network\Packet</Filter>
    </ClInclude>
    <ClInclude Include="Multicast.h">
      <Filter>Header Files\Network\Socket</Filter>
    </ClInclude>
    <ClInclude Include="TCPServer.h">
      <Filter>Header Files\Network\Socket</Filter>
    </ClInclude>
    <ClInclude Include="UDPServer.h">
      <Filter>Header Files\Network\Socket</Filter>
    </ClInclude>
  </ItemGroup>
  <ItemGroup>
    <ClCompile Include="main.cpp">
      <Filter>Source Files</Filter>
    </ClCompile>
    <ClCompile Include="UDPServer.cpp">
      <Filter>Source Files</Filter>
    </ClCompile>
    <ClCompile Include="UTF8Helper.cpp">
      <Filter>Source Files</Filter>
    </ClCompile>
    <ClCompile Include="base64.cpp">
      <Filter>Source Files</Filter>
    </ClCompile>
    <ClCompile Include="guid.cpp">
      <Filter>Source Files</Filter>
    </ClCompile>
    <ClCompile Include="TCPServer.cpp">
      <Filter>Source Files</Filter>
    </ClCompile>
  </ItemGroup>
</Project>